
Microsoft Visual Studio Solution File, Format Version 12.00
# Visual Studio 15
VisualStudioVersion = 15.0.26206.0
MinimumVisualStudioVersion = 10.0.40219.1
Project("{FAE04EC0-301F-11D3-BF4B-00C04F79EFBC}") = "学生信息管理系统", "学生信息管理系统\学生信息管理系统.csproj", "{E946C663-54A7-4256-8B19-A4BE349CE6F7}"
EndProject
Project("{FAE04EC0-301F-11D3-BF4B-00C04F79EFBC}") = "DBinstaller", "DBinstaller\DBinstaller.csproj", "{4A530518-2490-4309-B9B6-9BB78CC8FA0D}"
EndProject
Global
	GlobalSection(SolutionConfigurationPlatforms) = preSolution
		CD_ROM|Any CPU = CD_ROM|Any CPU
		Debug|Any CPU = Debug|Any CPU
		DVD-5|Any CPU = DVD-5|Any CPU
		Release|Any CPU = Release|Any CPU
		SingleImage|Any CPU = SingleImage|Any CPU
	EndGlobalSection
	GlobalSection(ProjectConfigurationPlatforms) = postSolution
		{E946C663-54A7-4256-8B19-A4BE349CE6F7}.CD_ROM|Any CPU.ActiveCfg = Release|Any CPU
		{E946C663-54A7-4256-8B19-A4BE349CE6F7}.CD_ROM|Any CPU.Build.0 = Release|Any CPU
		{E946C663-54A7-4256-8B19-A4BE349CE6F7}.Debug|Any CPU.ActiveCfg = Debug|Any CPU
		{E946C663-54A7-4256-8B19-A4BE349CE6F7}.Debug|Any CPU.Build.0 = Debug|Any CPU
		{E946C663-54A7-4256-8B19-A4BE349CE6F7}.DVD-5|Any CPU.ActiveCfg = Debug|Any CPU
		{E946C663-54A7-4256-8B19-A4BE349CE6F7}.DVD-5|Any CPU.Build.0 = Debug|Any CPU
		{E946C663-54A7-4256-8B19-A4BE349CE6F7}.Release|Any CPU.ActiveCfg = Release|Any CPU
		{E946C663-54A7-4256-8B19-A4BE349CE6F7}.Release|Any CPU.Build.0 = Release|Any CPU
		{E946C663-54A7-4256-8B19-A4BE349CE6F7}.SingleImage|Any CPU.ActiveCfg = Release|Any CPU
		{E946C663-54A7-4256-8B19-A4BE349CE6F7}.SingleImage|Any CPU.Build.0 = Release|Any CPU
		{4A530518-2490-4309-B9B6-9BB78CC8FA0D}.CD_ROM|Any CPU.ActiveCfg = Release|Any CPU
		{4A530518-2490-4309-B9B6-9BB78CC8FA0D}.CD_ROM|Any CPU.Build.0 = Release|Any CPU
		{4A530518-2490-4309-B9B6-9BB78CC8FA0D}.Debug|Any CPU.ActiveCfg = Debug|Any CPU
		{4A530518-2490-4309-B9B6-9BB78CC8FA0D}.Debug|Any CPU.Build.0 = Debug|Any CPU
		{4A530518-2490-4309-B9B6-9BB78CC8FA0D}.DVD-5|Any CPU.ActiveCfg = Debug|Any CPU
		{4A530518-2490-4309-B9B6-9BB78CC8FA0D}.DVD-5|Any CPU.Build.0 = Debug|Any CPU
		{4A530518-2490-4309-B9B6-9BB78CC8FA0D}.Release|Any CPU.ActiveCfg = Release|Any CPU
		{4A530518-2490-4309-B9B6-9BB78CC8FA0D}.Release|Any CPU.Build.0 = Release|Any CPU
		{4A530518-2490-4309-B9B6-9BB78CC8FA0D}.SingleImage|Any CPU.ActiveCfg = Release|Any CPU
		{4A530518-2490-4309-B9B6-9BB78CC8FA0D}.SingleImage|Any CPU.Build.0 = Release|Any CPU
	EndGlobalSection
	GlobalSection(SolutionProperties) = preSolution
		HideSolutionNode = FALSE
	EndGlobalSection
EndGlobal
